
Microsoft Visual Studio Solution File, Format Version 12.00
# Visual Studio Version 17
VisualStudioVersion = 17.4.32916.344
MinimumVisualStudioVersion = 10.0.40219.1
Project("{FAE04EC0-301F-11D3-BF4B-00C04F79EFBC}") = "SearchAlgorithm", "SearchAlgorithm\SearchAlgorithm.csproj", "{13DCD048-6DE1-403E-A7F4-462D7357C46E}"
EndProject
Global
	GlobalSection(SolutionConfigurationPlatforms) = preSolution
		Debug|Any CPU = Debug|Any CPU
		Release|Any CPU = Release|Any CPU
	EndGlobalSection
	GlobalSection(ProjectConfigurationPlatforms) = postSolution
		{13DCD048-6DE1-403E-A7F4-462D7357C46E}.Debug|Any CPU.ActiveCfg = Debug|Any CPU
		{13DCD048-6DE1-403E-A7F4-462D7357C46E}.Debug|Any CPU.Build.0 = Debug|Any CPU
		{13DCD048-6DE1-403E-A7F4-462D7357C46E}.Release|Any CPU.ActiveCfg = Release|Any CPU
		{13DCD048-6DE1-403E-A7F4-462D7357C46E}.Release|Any CPU.Build.0 = Release|Any CPU
	EndGlobalSection
	GlobalSection(SolutionProperties) = preSolution
		HideSolutionNode = FALSE
	EndGlobalSection
	GlobalSection(ExtensibilityGlobals) = postSolution
		SolutionGuid = {51DD9B55-5B9E-4AF4-B561-C24BD6836BF3}
	EndGlobalSection
EndGlobal
